
Microsoft Visual Studio Solution File, Format Version 12.00
# Visual Studio Version 16
VisualStudioVersion = 16.0.32901.82
MinimumVisualStudioVersion = 10.0.40219.1
Project("{FAE04EC0-301F-11D3-BF4B-00C04F79EFBC}") = "Business", "Business\Business.csproj", "{D98EAC9E-F708-4B66-9448-255DDBE5C316}"
EndProject
Project("{FAE04EC0-301F-11D3-BF4B-00C04F79EFBC}") = "Core", "Core\Core.csproj", "{7B005769-0011-46AD-BA79-76ACF256156B}"
EndProject
Project("{FAE04EC0-301F-11D3-BF4B-00C04F79EFBC}") = "Domain", "Domain\Domain.csproj", "{C0F37D0B-45BD-4E2E-9B56-3571E9BD79FC}"
EndProject
Project("{FAE04EC0-301F-11D3-BF4B-00C04F79EFBC}") = "Repository", "Repository\Repository.csproj", "{90EB9048-0AC2-4802-A50D-83B9207C706B}"
EndProject
Project("{FAE04EC0-301F-11D3-BF4B-00C04F79EFBC}") = "WebAPI", "WebAPI\WebAPI.csproj", "{47E27FCE-14D3-4948-A3DF-B4089FBB57B2}"
EndProject
Global
	GlobalSection(SolutionConfigurationPlatforms) = preSolution
		Debug|Any CPU = Debug|Any CPU
		Release|Any CPU = Release|Any CPU
	EndGlobalSection
	GlobalSection(ProjectConfigurationPlatforms) = postSolution
		{D98EAC9E-F708-4B66-9448-255DDBE5C316}.Debug|Any CPU.ActiveCfg = Debug|Any CPU
		{D98EAC9E-F708-4B66-9448-255DDBE5C316}.Debug|Any CPU.Build.0 = Debug|Any CPU
		{D98EAC9E-F708-4B66-9448-255DDBE5C316}.Release|Any CPU.ActiveCfg = Release|Any CPU
		{D98EAC9E-F708-4B66-9448-255DDBE5C316}.Release|Any CPU.Build.0 = Release|Any CPU
		{7B005769-0011-46AD-BA79-76ACF256156B}.Debug|Any CPU.ActiveCfg = Debug|Any CPU
		{7B005769-0011-46AD-BA79-76ACF256156B}.Debug|Any CPU.Build.0 = Debug|Any CPU
		{7B005769-0011-46AD-BA79-76ACF256156B}.Release|Any CPU.ActiveCfg = Release|Any CPU
		{7B005769-0011-46AD-BA79-76ACF256156B}.Release|Any CPU.Build.0 = Release|Any CPU
		{C0F37D0B-45BD-4E2E-9B56-3571E9BD79FC}.Debug|Any CPU.ActiveCfg = Debug|Any CPU
		{C0F37D0B-45BD-4E2E-9B56-3571E9BD79FC}.Debug|Any CPU.Build.0 = Debug|Any CPU
		{C0F37D0B-45BD-4E2E-9B56-3571E9BD79FC}.Release|Any CPU.ActiveCfg = Release|Any CPU
		{C0F37D0B-45BD-4E2E-9B56-3571E9BD79FC}.Release|Any CPU.Build.0 = Release|Any CPU
		{90EB9048-0AC2-4802-A50D-83B9207C706B}.Debug|Any CPU.ActiveCfg = Debug|Any CPU
		{90EB9048-0AC2-4802-A50D-83B9207C706B}.Debug|Any CPU.Build.0 = Debug|Any CPU
		{90EB9048-0AC2-4802-A50D-83B9207C706B}.Release|Any CPU.ActiveCfg = Release|Any CPU
		{90EB9048-0AC2-4802-A50D-83B9207C706B}.Release|Any CPU.Build.0 = Release|Any CPU
		{47E27FCE-14D3-4948-A3DF-B4089FBB57B2}.Debug|Any CPU.ActiveCfg = Debug|Any CPU
		{47E27FCE-14D3-4948-A3DF-B4089FBB57B2}.Debug|Any CPU.Build.0 = Debug|Any CPU
		{47E27FCE-14D3-4948-A3DF-B4089FBB57B2}.Release|Any CPU.ActiveCfg = Release|Any CPU
		{47E27FCE-14D3-4948-A3DF-B4089FBB57B2}.Release|Any CPU.Build.0 = Release|Any CPU
	EndGlobalSection
	GlobalSection(SolutionProperties) = preSolution
		HideSolutionNode = FALSE
	EndGlobalSection
	GlobalSection(ExtensibilityGlobals) = postSolution
		SolutionGuid = {1277FBA2-B981-4A37-8D0A-F0E1ACEC4798}
	EndGlobalSection
EndGlobal
